
Microsoft Visual Studio Solution File, Format Version 12.00
# Visual Studio Version 18
VisualStudioVersion = 18.3.11206.111 d18.3
MinimumVisualStudioVersion = 10.0.40219.1
Project("{8BC9CEB8-8B4A-11D0-8D11-00A0C91BC942}") = "C-proj", "C-proj.vcxproj", "{A174B93B-22E2-05F2-4DB8-5DD63936828B}"
EndProject
Global
	GlobalSection(SolutionConfigurationPlatforms) = preSolution
		Debug|x64 = Debug|x64
		Debug|x86 = Debug|x86
		Release|x64 = Release|x64
		Release|x86 = Release|x86
	EndGlobalSection
	GlobalSection(ProjectConfigurationPlatforms) = postSolution
		{A174B93B-22E2-05F2-4DB8-5DD63936828B}.Debug|x64.ActiveCfg = Debug|x64
		{A174B93B-22E2-05F2-4DB8-5DD63936828B}.Debug|x64.Build.0 = Debug|x64
		{A174B93B-22E2-05F2-4DB8-5DD63936828B}.Debug|x86.ActiveCfg = Debug|Win32
		{A174B93B-22E2-05F2-4DB8-5DD63936828B}.Debug|x86.Build.0 = Debug|Win32
		{A174B93B-22E2-05F2-4DB8-5DD63936828B}.Release|x64.ActiveCfg = Release|x64
		{A174B93B-22E2-05F2-4DB8-5DD63936828B}.Release|x64.Build.0 = Release|x64
		{A174B93B-22E2-05F2-4DB8-5DD63936828B}.Release|x86.ActiveCfg = Release|Win32
		{A174B93B-22E2-05F2-4DB8-5DD63936828B}.Release|x86.Build.0 = Release|Win32
	EndGlobalSection
	GlobalSection(SolutionProperties) = preSolution
		HideSolutionNode = FALSE
	EndGlobalSection
	GlobalSection(ExtensibilityGlobals) = postSolution
		SolutionGuid = {62E2B2DB-B554-4320-B9DC-13FD73D98967}
	EndGlobalSection
EndGlobal
